
Microsoft Visual Studio Solution File, Format Version 12.00
# Visual Studio Version 17
VisualStudioVersion = 17.14.36310.24 d17.14
MinimumVisualStudioVersion = 10.0.40219.1
Project("{FAE04EC0-301F-11D3-BF4B-00C04F79EFBC}") = "InterfaceExample2", "IntfTest\InterfaceExample2.csproj", "{A859A22D-8F17-4BB7-A009-646C96A3F995}"
EndProject
Global
	GlobalSection(SolutionConfigurationPlatforms) = preSolution
		Debug|Any CPU = Debug|Any CPU
		Release|Any CPU = Release|Any CPU
	EndGlobalSection
	GlobalSection(ProjectConfigurationPlatforms) = postSolution
		{A859A22D-8F17-4BB7-A009-646C96A3F995}.Debug|Any CPU.ActiveCfg = Debug|Any CPU
		{A859A22D-8F17-4BB7-A009-646C96A3F995}.Debug|Any CPU.Build.0 = Debug|Any CPU
		{A859A22D-8F17-4BB7-A009-646C96A3F995}.Release|Any CPU.ActiveCfg = Release|Any CPU
		{A859A22D-8F17-4BB7-A009-646C96A3F995}.Release|Any CPU.Build.0 = Release|Any CPU
	EndGlobalSection
	GlobalSection(SolutionProperties) = preSolution
		HideSolutionNode = FALSE
	EndGlobalSection
	GlobalSection(ExtensibilityGlobals) = postSolution
		SolutionGuid = {83C010C5-9D07-4D46-A1D4-672601572DB9}
	EndGlobalSection
EndGlobal
