
Microsoft Visual Studio Solution File, Format Version 12.00
# Visual Studio Version 17
VisualStudioVersion = 17.14.36310.24 d17.14
MinimumVisualStudioVersion = 10.0.40219.1
Project("{FAE04EC0-301F-11D3-BF4B-00C04F79EFBC}") = "Helloworld", "Helloworld\Helloworld.csproj", "{B887C81D-B4C8-4B01-AB18-548A16189388}"
EndProject
Global
	GlobalSection(SolutionConfigurationPlatforms) = preSolution
		Debug|Any CPU = Debug|Any CPU
		Release|Any CPU = Release|Any CPU
	EndGlobalSection
	GlobalSection(ProjectConfigurationPlatforms) = postSolution
		{B887C81D-B4C8-4B01-AB18-548A16189388}.Debug|Any CPU.ActiveCfg = Debug|Any CPU
		{B887C81D-B4C8-4B01-AB18-548A16189388}.Debug|Any CPU.Build.0 = Debug|Any CPU
		{B887C81D-B4C8-4B01-AB18-548A16189388}.Release|Any CPU.ActiveCfg = Release|Any CPU
		{B887C81D-B4C8-4B01-AB18-548A16189388}.Release|Any CPU.Build.0 = Release|Any CPU
	EndGlobalSection
	GlobalSection(SolutionProperties) = preSolution
		HideSolutionNode = FALSE
	EndGlobalSection
	GlobalSection(ExtensibilityGlobals) = postSolution
		SolutionGuid = {DA3CACE0-07DC-4C50-A2A5-1A708CC48933}
	EndGlobalSection
EndGlobal
