
Microsoft Visual Studio Solution File, Format Version 12.00
# Visual Studio Version 17
VisualStudioVersion = 17.14.36310.24 d17.14
MinimumVisualStudioVersion = 10.0.40219.1
Project("{FAE04EC0-301F-11D3-BF4B-00C04F79EFBC}") = "Example", "Example\Example.csproj", "{E7295065-B6F7-4406-A2C8-E68DA7E6A47F}"
EndProject
Global
	GlobalSection(SolutionConfigurationPlatforms) = preSolution
		Debug|Any CPU = Debug|Any CPU
		Release|Any CPU = Release|Any CPU
	EndGlobalSection
	GlobalSection(ProjectConfigurationPlatforms) = postSolution
		{E7295065-B6F7-4406-A2C8-E68DA7E6A47F}.Debug|Any CPU.ActiveCfg = Debug|Any CPU
		{E7295065-B6F7-4406-A2C8-E68DA7E6A47F}.Debug|Any CPU.Build.0 = Debug|Any CPU
		{E7295065-B6F7-4406-A2C8-E68DA7E6A47F}.Release|Any CPU.ActiveCfg = Release|Any CPU
		{E7295065-B6F7-4406-A2C8-E68DA7E6A47F}.Release|Any CPU.Build.0 = Release|Any CPU
	EndGlobalSection
	GlobalSection(SolutionProperties) = preSolution
		HideSolutionNode = FALSE
	EndGlobalSection
	GlobalSection(ExtensibilityGlobals) = postSolution
		SolutionGuid = {0EA520F7-7E65-48F7-B84E-24971AA213A5}
	EndGlobalSection
EndGlobal
