
Microsoft Visual Studio Solution File, Format Version 12.00
# Visual Studio Version 17
VisualStudioVersion = 17.14.36310.24 d17.14
MinimumVisualStudioVersion = 10.0.40219.1
Project("{FAE04EC0-301F-11D3-BF4B-00C04F79EFBC}") = "NunitDemo", "NunitDemo\NunitDemo.csproj", "{C2561193-D6B9-4571-9337-D8130F6F1053}"
EndProject
Project("{FAE04EC0-301F-11D3-BF4B-00C04F79EFBC}") = "NunitDemo.Tests", "..\NunitDemo.Tests\NunitDemo.Tests.csproj", "{97E77427-9AAB-4FE6-A164-F178681B4B99}"
EndProject
Global
	GlobalSection(SolutionConfigurationPlatforms) = preSolution
		Debug|Any CPU = Debug|Any CPU
		Release|Any CPU = Release|Any CPU
	EndGlobalSection
	GlobalSection(ProjectConfigurationPlatforms) = postSolution
		{C2561193-D6B9-4571-9337-D8130F6F1053}.Debug|Any CPU.ActiveCfg = Debug|Any CPU
		{C2561193-D6B9-4571-9337-D8130F6F1053}.Debug|Any CPU.Build.0 = Debug|Any CPU
		{C2561193-D6B9-4571-9337-D8130F6F1053}.Release|Any CPU.ActiveCfg = Release|Any CPU
		{C2561193-D6B9-4571-9337-D8130F6F1053}.Release|Any CPU.Build.0 = Release|Any CPU
		{97E77427-9AAB-4FE6-A164-F178681B4B99}.Debug|Any CPU.ActiveCfg = Debug|Any CPU
		{97E77427-9AAB-4FE6-A164-F178681B4B99}.Debug|Any CPU.Build.0 = Debug|Any CPU
		{97E77427-9AAB-4FE6-A164-F178681B4B99}.Release|Any CPU.ActiveCfg = Release|Any CPU
		{97E77427-9AAB-4FE6-A164-F178681B4B99}.Release|Any CPU.Build.0 = Release|Any CPU
	EndGlobalSection
	GlobalSection(SolutionProperties) = preSolution
		HideSolutionNode = FALSE
	EndGlobalSection
	GlobalSection(ExtensibilityGlobals) = postSolution
		SolutionGuid = {85F78D5E-F701-4BB7-9464-ADF8DE85679A}
	EndGlobalSection
EndGlobal
