
Microsoft Visual Studio Solution File, Format Version 12.00
# Visual Studio Version 17
VisualStudioVersion = 17.14.36310.24
MinimumVisualStudioVersion = 10.0.40219.1
Project("{FAE04EC0-301F-11D3-BF4B-00C04F79EFBC}") = "EmployProject.Models", "EmployProject.Models\EmployProject.Models.csproj", "{70E80491-6E45-498C-A747-F0F015298EF1}"
EndProject
Project("{FAE04EC0-301F-11D3-BF4B-00C04F79EFBC}") = "EmployProject.Exceptions", "..\EmployProject.Exceptions\EmployProject.Exceptions.csproj", "{C2683D7D-96B0-4CEC-A84D-35AC392462CE}"
EndProject
Project("{FAE04EC0-301F-11D3-BF4B-00C04F79EFBC}") = "EmployProject.Dao", "..\EmployProject.Dao\EmployProject.Dao.csproj", "{E630B2D9-3857-401F-AC31-8CC9CFCBC2F6}"
EndProject
Project("{FAE04EC0-301F-11D3-BF4B-00C04F79EFBC}") = "EmployProject.Bal", "..\EmployProject.Bal\EmployProject.Bal.csproj", "{918A3797-523B-46E8-BBBA-AAD83F6511AF}"
EndProject
Project("{FAE04EC0-301F-11D3-BF4B-00C04F79EFBC}") = "EmployProject.MainOne", "..\EmployProject.MainOne\EmployProject.MainOne.csproj", "{7C690913-2563-46DF-A777-B76FB39D7E50}"
EndProject
Global
	GlobalSection(SolutionConfigurationPlatforms) = preSolution
		Debug|Any CPU = Debug|Any CPU
		Release|Any CPU = Release|Any CPU
	EndGlobalSection
	GlobalSection(ProjectConfigurationPlatforms) = postSolution
		{70E80491-6E45-498C-A747-F0F015298EF1}.Debug|Any CPU.ActiveCfg = Debug|Any CPU
		{70E80491-6E45-498C-A747-F0F015298EF1}.Debug|Any CPU.Build.0 = Debug|Any CPU
		{70E80491-6E45-498C-A747-F0F015298EF1}.Release|Any CPU.ActiveCfg = Release|Any CPU
		{70E80491-6E45-498C-A747-F0F015298EF1}.Release|Any CPU.Build.0 = Release|Any CPU
		{C2683D7D-96B0-4CEC-A84D-35AC392462CE}.Debug|Any CPU.ActiveCfg = Debug|Any CPU
		{C2683D7D-96B0-4CEC-A84D-35AC392462CE}.Debug|Any CPU.Build.0 = Debug|Any CPU
		{C2683D7D-96B0-4CEC-A84D-35AC392462CE}.Release|Any CPU.ActiveCfg = Release|Any CPU
		{C2683D7D-96B0-4CEC-A84D-35AC392462CE}.Release|Any CPU.Build.0 = Release|Any CPU
		{E630B2D9-3857-401F-AC31-8CC9CFCBC2F6}.Debug|Any CPU.ActiveCfg = Debug|Any CPU
		{E630B2D9-3857-401F-AC31-8CC9CFCBC2F6}.Debug|Any CPU.Build.0 = Debug|Any CPU
		{E630B2D9-3857-401F-AC31-8CC9CFCBC2F6}.Release|Any CPU.ActiveCfg = Release|Any CPU
		{E630B2D9-3857-401F-AC31-8CC9CFCBC2F6}.Release|Any CPU.Build.0 = Release|Any CPU
		{918A3797-523B-46E8-BBBA-AAD83F6511AF}.Debug|Any CPU.ActiveCfg = Debug|Any CPU
		{918A3797-523B-46E8-BBBA-AAD83F6511AF}.Debug|Any CPU.Build.0 = Debug|Any CPU
		{918A3797-523B-46E8-BBBA-AAD83F6511AF}.Release|Any CPU.ActiveCfg = Release|Any CPU
		{918A3797-523B-46E8-BBBA-AAD83F6511AF}.Release|Any CPU.Build.0 = Release|Any CPU
		{7C690913-2563-46DF-A777-B76FB39D7E50}.Debug|Any CPU.ActiveCfg = Debug|Any CPU
		{7C690913-2563-46DF-A777-B76FB39D7E50}.Debug|Any CPU.Build.0 = Debug|Any CPU
		{7C690913-2563-46DF-A777-B76FB39D7E50}.Release|Any CPU.ActiveCfg = Release|Any CPU
		{7C690913-2563-46DF-A777-B76FB39D7E50}.Release|Any CPU.Build.0 = Release|Any CPU
	EndGlobalSection
	GlobalSection(SolutionProperties) = preSolution
		HideSolutionNode = FALSE
	EndGlobalSection
	GlobalSection(ExtensibilityGlobals) = postSolution
		SolutionGuid = {9F6B5153-5769-4448-807A-665885C8ACCB}
	EndGlobalSection
EndGlobal
