
Microsoft Visual Studio Solution File, Format Version 12.00
# Visual Studio Version 17
VisualStudioVersion = 17.14.36310.24 d17.14
MinimumVisualStudioVersion = 10.0.40219.1
Project("{FAE04EC0-301F-11D3-BF4B-00C04F79EFBC}") = "LambdaDemos", "LambdaDemos\LambdaDemos.csproj", "{68D34148-1116-47B9-9B56-BE5CF4C7A1AE}"
EndProject
Global
	GlobalSection(SolutionConfigurationPlatforms) = preSolution
		Debug|Any CPU = Debug|Any CPU
		Release|Any CPU = Release|Any CPU
	EndGlobalSection
	GlobalSection(ProjectConfigurationPlatforms) = postSolution
		{68D34148-1116-47B9-9B56-BE5CF4C7A1AE}.Debug|Any CPU.ActiveCfg = Debug|Any CPU
		{68D34148-1116-47B9-9B56-BE5CF4C7A1AE}.Debug|Any CPU.Build.0 = Debug|Any CPU
		{68D34148-1116-47B9-9B56-BE5CF4C7A1AE}.Release|Any CPU.ActiveCfg = Release|Any CPU
		{68D34148-1116-47B9-9B56-BE5CF4C7A1AE}.Release|Any CPU.Build.0 = Release|Any CPU
	EndGlobalSection
	GlobalSection(SolutionProperties) = preSolution
		HideSolutionNode = FALSE
	EndGlobalSection
	GlobalSection(ExtensibilityGlobals) = postSolution
		SolutionGuid = {127D7AF7-FA65-4C4F-9718-0C20B3CD653F}
	EndGlobalSection
EndGlobal
