
Microsoft Visual Studio Solution File, Format Version 12.00
# Visual Studio Version 17
VisualStudioVersion = 17.14.36310.24 d17.14
MinimumVisualStudioVersion = 10.0.40219.1
Project("{FAE04EC0-301F-11D3-BF4B-00C04F79EFBC}") = "AbstractExample2", "AbstractExample2\AbstractExample2.csproj", "{A5FA9829-7933-421F-ADBF-81E36FF09347}"
EndProject
Global
	GlobalSection(SolutionConfigurationPlatforms) = preSolution
		Debug|Any CPU = Debug|Any CPU
		Release|Any CPU = Release|Any CPU
	EndGlobalSection
	GlobalSection(ProjectConfigurationPlatforms) = postSolution
		{A5FA9829-7933-421F-ADBF-81E36FF09347}.Debug|Any CPU.ActiveCfg = Debug|Any CPU
		{A5FA9829-7933-421F-ADBF-81E36FF09347}.Debug|Any CPU.Build.0 = Debug|Any CPU
		{A5FA9829-7933-421F-ADBF-81E36FF09347}.Release|Any CPU.ActiveCfg = Release|Any CPU
		{A5FA9829-7933-421F-ADBF-81E36FF09347}.Release|Any CPU.Build.0 = Release|Any CPU
	EndGlobalSection
	GlobalSection(SolutionProperties) = preSolution
		HideSolutionNode = FALSE
	EndGlobalSection
	GlobalSection(ExtensibilityGlobals) = postSolution
		SolutionGuid = {14764472-F26D-4E56-84BD-ADEFA760A29A}
	EndGlobalSection
EndGlobal
