
Microsoft Visual Studio Solution File, Format Version 12.00
# Visual Studio Version 17
VisualStudioVersion = 17.14.36310.24 d17.14
MinimumVisualStudioVersion = 10.0.40219.1
Project("{FAE04EC0-301F-11D3-BF4B-00C04F79EFBC}") = "Delegates Examples", "Delegates Examples\Delegates Examples.csproj", "{07407E70-8737-4C47-99A0-C4B4D1FC196D}"
EndProject
Global
	GlobalSection(SolutionConfigurationPlatforms) = preSolution
		Debug|Any CPU = Debug|Any CPU
		Release|Any CPU = Release|Any CPU
	EndGlobalSection
	GlobalSection(ProjectConfigurationPlatforms) = postSolution
		{07407E70-8737-4C47-99A0-C4B4D1FC196D}.Debug|Any CPU.ActiveCfg = Debug|Any CPU
		{07407E70-8737-4C47-99A0-C4B4D1FC196D}.Debug|Any CPU.Build.0 = Debug|Any CPU
		{07407E70-8737-4C47-99A0-C4B4D1FC196D}.Release|Any CPU.ActiveCfg = Release|Any CPU
		{07407E70-8737-4C47-99A0-C4B4D1FC196D}.Release|Any CPU.Build.0 = Release|Any CPU
	EndGlobalSection
	GlobalSection(SolutionProperties) = preSolution
		HideSolutionNode = FALSE
	EndGlobalSection
	GlobalSection(ExtensibilityGlobals) = postSolution
		SolutionGuid = {B3CAFC38-E3FB-452A-BD15-EE5D8F4F3CB0}
	EndGlobalSection
EndGlobal
