
Microsoft Visual Studio Solution File, Format Version 12.00
# Visual Studio Version 17
VisualStudioVersion = 17.14.36310.24 d17.14
MinimumVisualStudioVersion = 10.0.40219.1
Project("{FAE04EC0-301F-11D3-BF4B-00C04F79EFBC}") = "ExceptionHandling", "ExceptionHandling\ExceptionHandling.csproj", "{1BD83B1A-F25A-4779-AD62-5083BE611AB3}"
EndProject
Global
	GlobalSection(SolutionConfigurationPlatforms) = preSolution
		Debug|Any CPU = Debug|Any CPU
		Release|Any CPU = Release|Any CPU
	EndGlobalSection
	GlobalSection(ProjectConfigurationPlatforms) = postSolution
		{1BD83B1A-F25A-4779-AD62-5083BE611AB3}.Debug|Any CPU.ActiveCfg = Debug|Any CPU
		{1BD83B1A-F25A-4779-AD62-5083BE611AB3}.Debug|Any CPU.Build.0 = Debug|Any CPU
		{1BD83B1A-F25A-4779-AD62-5083BE611AB3}.Release|Any CPU.ActiveCfg = Release|Any CPU
		{1BD83B1A-F25A-4779-AD62-5083BE611AB3}.Release|Any CPU.Build.0 = Release|Any CPU
	EndGlobalSection
	GlobalSection(SolutionProperties) = preSolution
		HideSolutionNode = FALSE
	EndGlobalSection
	GlobalSection(ExtensibilityGlobals) = postSolution
		SolutionGuid = {FCC8E06D-113F-4A89-8B2B-51F9B424882F}
	EndGlobalSection
EndGlobal
