
Microsoft Visual Studio Solution File, Format Version 12.00
# Visual Studio Version 17
VisualStudioVersion = 17.14.36310.24 d17.14
MinimumVisualStudioVersion = 10.0.40219.1
Project("{FAE04EC0-301F-11D3-BF4B-00C04F79EFBC}") = "MockExample", "MockExample\MockExample.csproj", "{E774C99A-F1C6-4BE8-9C35-A22CBF0CADB5}"
EndProject
Global
	GlobalSection(SolutionConfigurationPlatforms) = preSolution
		Debug|Any CPU = Debug|Any CPU
		Release|Any CPU = Release|Any CPU
	EndGlobalSection
	GlobalSection(ProjectConfigurationPlatforms) = postSolution
		{E774C99A-F1C6-4BE8-9C35-A22CBF0CADB5}.Debug|Any CPU.ActiveCfg = Debug|Any CPU
		{E774C99A-F1C6-4BE8-9C35-A22CBF0CADB5}.Debug|Any CPU.Build.0 = Debug|Any CPU
		{E774C99A-F1C6-4BE8-9C35-A22CBF0CADB5}.Release|Any CPU.ActiveCfg = Release|Any CPU
		{E774C99A-F1C6-4BE8-9C35-A22CBF0CADB5}.Release|Any CPU.Build.0 = Release|Any CPU
	EndGlobalSection
	GlobalSection(SolutionProperties) = preSolution
		HideSolutionNode = FALSE
	EndGlobalSection
	GlobalSection(ExtensibilityGlobals) = postSolution
		SolutionGuid = {F3262868-513A-44A3-A59F-277B58C56A9E}
	EndGlobalSection
EndGlobal
