
Microsoft Visual Studio Solution File, Format Version 12.00
# Visual Studio Version 17
VisualStudioVersion = 17.14.36310.24 d17.14
MinimumVisualStudioVersion = 10.0.40219.1
Project("{FAE04EC0-301F-11D3-BF4B-00C04F79EFBC}") = "CustomAttribute2", "CustomAttribute2\CustomAttribute2.csproj", "{678E60E4-BF4C-44C5-9EE8-0A70558DF934}"
EndProject
Global
	GlobalSection(SolutionConfigurationPlatforms) = preSolution
		Debug|Any CPU = Debug|Any CPU
		Release|Any CPU = Release|Any CPU
	EndGlobalSection
	GlobalSection(ProjectConfigurationPlatforms) = postSolution
		{678E60E4-BF4C-44C5-9EE8-0A70558DF934}.Debug|Any CPU.ActiveCfg = Debug|Any CPU
		{678E60E4-BF4C-44C5-9EE8-0A70558DF934}.Debug|Any CPU.Build.0 = Debug|Any CPU
		{678E60E4-BF4C-44C5-9EE8-0A70558DF934}.Release|Any CPU.ActiveCfg = Release|Any CPU
		{678E60E4-BF4C-44C5-9EE8-0A70558DF934}.Release|Any CPU.Build.0 = Release|Any CPU
	EndGlobalSection
	GlobalSection(SolutionProperties) = preSolution
		HideSolutionNode = FALSE
	EndGlobalSection
	GlobalSection(ExtensibilityGlobals) = postSolution
		SolutionGuid = {25251E93-AADB-49C2-8F91-4117F3A85857}
	EndGlobalSection
EndGlobal
